# This file is automatically @generated by Cargo.
# It is not intended for manual editing.
version = 3

[[package]]
name = "day01"
version = "0.1.0"

[[package]]
name = "day01pt2"
version = "0.1.0"

[[package]]
name = "day02"
version = "0.1.0"

[[package]]
name = "day02pt2"
version = "0.1.0"

[[package]]
name = "day03"
version = "0.1.0"

[[package]]
name = "day03pt2"
version = "0.1.0"

[[package]]
name = "day04"
version = "0.1.0"

[[package]]
name = "day04pt2"
version = "0.1.0"

[[package]]
name = "day05"
version = "0.1.0"

[[package]]
name = "day05pt2"
version = "0.1.0"

[[package]]
name = "day06"
version = "0.1.0"

[[package]]
name = "day06pt2"
version = "0.1.0"
